
Microsoft Visual Studio Solution File, Format Version 12.00
# Visual Studio Version 16
VisualStudioVersion = 16.0.29613.14
MinimumVisualStudioVersion = 10.0.40219.1
Project("{9A19103F-16F7-4668-BE54-9A1E7A4F7556}") = "SignalRCore.Mvc.Demo", "SignalRCore.Mvc.Demo\SignalRCore.Mvc.Demo.csproj", "{DE111F0B-A506-4B73-B2DC-BA2D603C8771}"
EndProject
Project("{FAE04EC0-301F-11D3-BF4B-00C04F79EFBC}") = "SignalRCore.Chat.Mvc", "SignalRCore.Chat.Mvc\SignalRCore.Chat.Mvc.csproj", "{B3920B47-66B8-46B0-B2F9-EB55E8929A22}"
EndProject
Global
	GlobalSection(SolutionConfigurationPlatforms) = preSolution
		Debug|Any CPU = Debug|Any CPU
		Release|Any CPU = Release|Any CPU
	EndGlobalSection
	GlobalSection(ProjectConfigurationPlatforms) = postSolution
		{DE111F0B-A506-4B73-B2DC-BA2D603C8771}.Debug|Any CPU.ActiveCfg = Debug|Any CPU
		{DE111F0B-A506-4B73-B2DC-BA2D603C8771}.Debug|Any CPU.Build.0 = Debug|Any CPU
		{DE111F0B-A506-4B73-B2DC-BA2D603C8771}.Release|Any CPU.ActiveCfg = Release|Any CPU
		{DE111F0B-A506-4B73-B2DC-BA2D603C8771}.Release|Any CPU.Build.0 = Release|Any CPU
		{B3920B47-66B8-46B0-B2F9-EB55E8929A22}.Debug|Any CPU.ActiveCfg = Debug|Any CPU
		{B3920B47-66B8-46B0-B2F9-EB55E8929A22}.Debug|Any CPU.Build.0 = Debug|Any CPU
		{B3920B47-66B8-46B0-B2F9-EB55E8929A22}.Release|Any CPU.ActiveCfg = Release|Any CPU
		{B3920B47-66B8-46B0-B2F9-EB55E8929A22}.Release|Any CPU.Build.0 = Release|Any CPU
	EndGlobalSection
	GlobalSection(SolutionProperties) = preSolution
		HideSolutionNode = FALSE
	EndGlobalSection
	GlobalSection(ExtensibilityGlobals) = postSolution
		SolutionGuid = {848D4898-BEEE-44A1-9D12-A4422EF857B8}
	EndGlobalSection
EndGlobal
